
Microsoft Visual Studio Solution File, Format Version 12.00
# Visual Studio Version 17
VisualStudioVersion = 17.3.32819.101
MinimumVisualStudioVersion = 10.0.40219.1
Project("{FAE04EC0-301F-11D3-BF4B-00C04F79EFBC}") = "EjemploFlujoAsync", "EjemploFlujoAsync\EjemploFlujoAsync.csproj", "{AC898CEF-C36C-4E2C-9935-4DA4A4CC1C4B}"
EndProject
Global
	GlobalSection(SolutionConfigurationPlatforms) = preSolution
		Debug|Any CPU = Debug|Any CPU
		Release|Any CPU = Release|Any CPU
	EndGlobalSection
	GlobalSection(ProjectConfigurationPlatforms) = postSolution
		{AC898CEF-C36C-4E2C-9935-4DA4A4CC1C4B}.Debug|Any CPU.ActiveCfg = Debug|Any CPU
		{AC898CEF-C36C-4E2C-9935-4DA4A4CC1C4B}.Debug|Any CPU.Build.0 = Debug|Any CPU
		{AC898CEF-C36C-4E2C-9935-4DA4A4CC1C4B}.Release|Any CPU.ActiveCfg = Release|Any CPU
		{AC898CEF-C36C-4E2C-9935-4DA4A4CC1C4B}.Release|Any CPU.Build.0 = Release|Any CPU
	EndGlobalSection
	GlobalSection(SolutionProperties) = preSolution
		HideSolutionNode = FALSE
	EndGlobalSection
	GlobalSection(ExtensibilityGlobals) = postSolution
		SolutionGuid = {A21C4138-565D-4D02-AA4D-77F5D697D3D3}
	EndGlobalSection
EndGlobal
