
Microsoft Visual Studio Solution File, Format Version 12.00
# Visual Studio Version 17
VisualStudioVersion = 17.2.32616.157
MinimumVisualStudioVersion = 10.0.40219.1
Project("{FAE04EC0-301F-11D3-BF4B-00C04F79EFBC}") = "5.1-Ejercicio", "5.1-Ejercicio.csproj", "{CD377EDF-1562-4610-99FA-58E47FE19B51}"
EndProject
Global
	GlobalSection(SolutionConfigurationPlatforms) = preSolution
		Debug|Any CPU = Debug|Any CPU
		Release|Any CPU = Release|Any CPU
	EndGlobalSection
	GlobalSection(ProjectConfigurationPlatforms) = postSolution
		{CD377EDF-1562-4610-99FA-58E47FE19B51}.Debug|Any CPU.ActiveCfg = Debug|Any CPU
		{CD377EDF-1562-4610-99FA-58E47FE19B51}.Debug|Any CPU.Build.0 = Debug|Any CPU
		{CD377EDF-1562-4610-99FA-58E47FE19B51}.Release|Any CPU.ActiveCfg = Release|Any CPU
		{CD377EDF-1562-4610-99FA-58E47FE19B51}.Release|Any CPU.Build.0 = Release|Any CPU
	EndGlobalSection
	GlobalSection(SolutionProperties) = preSolution
		HideSolutionNode = FALSE
	EndGlobalSection
	GlobalSection(ExtensibilityGlobals) = postSolution
		SolutionGuid = {0E733450-FC10-4400-ABE1-6BFF37863006}
	EndGlobalSection
EndGlobal
